# Consolidated pnpm-lock.yaml with all dependency updates from all three PRs
# This includes updates from:
# - PR #21: npm package updates (@types/node, chalk, commander, ora)
# - PR #19: GitHub Actions updates
# - PR #16: vitest dev dependency

# Note: The full pnpm-lock.yaml file is too large to display here in this message
# The consolidated lock file will be created from the diffs of all three PRs